// !$*UTF8*$!
{
	archiveVersion = 1;
	classes = {
	};
	objectVersion = 46;
	objects = {

/* Begin PBXBuildFile section */
		0288D6EC439F8B848E026EE1 /* LedgerStore.swift in Sources */ = {isa = PBXBuildFile; fileRef = 16FFE7119945EF721568D7F7 /* LedgerStore.swift */; };
		1D88E24DE4C5CAA955312903 /* Foundation.framework in Frameworks */ = {isa = PBXBuildFile; fileRef = 6095413A369023025ADEFDBD /* Foundation.framework */; };
		539E09B9D4A599A67E0F7AED /* Models.swift in Sources */ = {isa = PBXBuildFile; fileRef = 256E0C816F68772E8E0B4C93 /* Models.swift */; };
		5D6FD9BFCAEEAADF414DCF26 /* QuickLedgerApp.swift in Sources */ = {isa = PBXBuildFile; fileRef = 368900076A71DC542AED3683 /* QuickLedgerApp.swift */; };
		B5F017E3225E60AE041E3F42 /* AppServices.swift in Sources */ = {isa = PBXBuildFile; fileRef = 2BD0B88AA9646E27EBD81EE0 /* AppServices.swift */; };
		EB99088155731EE94E6F99F8 /* AppShortcuts.swift in Sources */ = {isa = PBXBuildFile; fileRef = AB4EB4EBBB37D3C9B32611DD /* AppShortcuts.swift */; };
		FAA89659C34F80FF75CBAF1D /* ContentView.swift in Sources */ = {isa = PBXBuildFile; fileRef = FC673818F1865F41DF62A9A6 /* ContentView.swift */; };
/* End PBXBuildFile section */

/* Begin PBXFileReference section */
		16FFE7119945EF721568D7F7 /* LedgerStore.swift */ = {isa = PBXFileReference; includeInIndex = 1; lastKnownFileType = sourcecode.swift; path = LedgerStore.swift; sourceTree = "<group>"; };
		256E0C816F68772E8E0B4C93 /* Models.swift */ = {isa = PBXFileReference; includeInIndex = 1; lastKnownFileType = sourcecode.swift; path = Models.swift; sourceTree = "<group>"; };
		2BD0B88AA9646E27EBD81EE0 /* AppServices.swift */ = {isa = PBXFileReference; includeInIndex = 1; lastKnownFileType = sourcecode.swift; path = AppServices.swift; sourceTree = "<group>"; };
		368900076A71DC542AED3683 /* QuickLedgerApp.swift */ = {isa = PBXFileReference; includeInIndex = 1; lastKnownFileType = sourcecode.swift; path = QuickLedgerApp.swift; sourceTree = "<group>"; };
		6095413A369023025ADEFDBD /* Foundation.framework */ = {isa = PBXFileReference; lastKnownFileType = wrapper.framework; name = Foundation.framework; path = Platforms/iPhoneOS.platform/Developer/SDKs/iPhoneOS18.0.sdk/System/Library/Frameworks/Foundation.framework; sourceTree = DEVELOPER_DIR; };
		AB4EB4EBBB37D3C9B32611DD /* AppShortcuts.swift */ = {isa = PBXFileReference; includeInIndex = 1; lastKnownFileType = sourcecode.swift; path = AppShortcuts.swift; sourceTree = "<group>"; };
		DE4130C0AAEC20ECD3732537 /* QuickLedger.app */ = {isa = PBXFileReference; explicitFileType = wrapper.application; includeInIndex = 0; path = QuickLedger.app; sourceTree = BUILT_PRODUCTS_DIR; };
		FC673818F1865F41DF62A9A6 /* ContentView.swift */ = {isa = PBXFileReference; includeInIndex = 1; lastKnownFileType = sourcecode.swift; path = ContentView.swift; sourceTree = "<group>"; };
/* End PBXFileReference section */

/* Begin PBXFrameworksBuildPhase section */
		38BB22F97BF3269CD83AD4BC /* Frameworks */ = {
			isa = PBXFrameworksBuildPhase;
			buildActionMask = 2147483647;
			files = (
				1D88E24DE4C5CAA955312903 /* Foundation.framework in Frameworks */,
			);
			runOnlyForDeploymentPostprocessing = 0;
		};
/* End PBXFrameworksBuildPhase section */

/* Begin PBXGroup section */
		5127CB3A8BFE957363E12F4C /* Frameworks */ = {
			isa = PBXGroup;
			children = (
				ACD443C39054CDEBF8FC6549 /* iOS */,
			);
			name = Frameworks;
			sourceTree = "<group>";
		};
		813A82CDDABFBEC883B03619 /* Products */ = {
			isa = PBXGroup;
			children = (
				DE4130C0AAEC20ECD3732537 /* QuickLedger.app */,
			);
			name = Products;
			sourceTree = "<group>";
		};
		A0FE87FB85068280AC3EC809 = {
			isa = PBXGroup;
			children = (
				813A82CDDABFBEC883B03619 /* Products */,
				5127CB3A8BFE957363E12F4C /* Frameworks */,
				EB859BA47A69632733E59D2C /* QuickLedger */,
			);
			sourceTree = "<group>";
		};
		ACD443C39054CDEBF8FC6549 /* iOS */ = {
			isa = PBXGroup;
			children = (
				6095413A369023025ADEFDBD /* Foundation.framework */,
			);
			name = iOS;
			sourceTree = "<group>";
		};
		EB859BA47A69632733E59D2C /* QuickLedger */ = {
			isa = PBXGroup;
			children = (
				368900076A71DC542AED3683 /* QuickLedgerApp.swift */,
				256E0C816F68772E8E0B4C93 /* Models.swift */,
				2BD0B88AA9646E27EBD81EE0 /* AppServices.swift */,
				16FFE7119945EF721568D7F7 /* LedgerStore.swift */,
				AB4EB4EBBB37D3C9B32611DD /* AppShortcuts.swift */,
				FC673818F1865F41DF62A9A6 /* ContentView.swift */,
			);
			name = QuickLedger;
			path = QuickLedger;
			sourceTree = "<group>";
		};
/* End PBXGroup section */

/* Begin PBXNativeTarget section */
		2B91FC1BFE99CEC9F7806791 /* QuickLedger */ = {
			isa = PBXNativeTarget;
			buildConfigurationList = AD67005B5A00DD63C4482161 /* Build configuration list for PBXNativeTarget "QuickLedger" */;
			buildPhases = (
				48D867379F0572B1BCDAFCFA /* Sources */,
				38BB22F97BF3269CD83AD4BC /* Frameworks */,
				9796083F5387C024795472B8 /* Resources */,
			);
			buildRules = (
			);
			dependencies = (
			);
			name = QuickLedger;
			productName = QuickLedger;
			productReference = DE4130C0AAEC20ECD3732537 /* QuickLedger.app */;
			productType = "com.apple.product-type.application";
		};
/* End PBXNativeTarget section */

/* Begin PBXProject section */
		FE95F97BBF7FC0CC4612263E /* Project object */ = {
			isa = PBXProject;
			attributes = {
				LastSwiftUpdateCheck = 1600;
				LastUpgradeCheck = 1600;
			};
			buildConfigurationList = 474472F308D3F8F78461CBF4 /* Build configuration list for PBXProject "QuickLedger" */;
			compatibilityVersion = "Xcode 3.2";
			developmentRegion = en;
			hasScannedForEncodings = 0;
			knownRegions = (
				en,
				Base,
			);
			mainGroup = A0FE87FB85068280AC3EC809;
			minimizedProjectReferenceProxies = 0;
			preferredProjectObjectVersion = 77;
			productRefGroup = 813A82CDDABFBEC883B03619 /* Products */;
			projectDirPath = "";
			projectRoot = "";
			targets = (
				2B91FC1BFE99CEC9F7806791 /* QuickLedger */,
			);
		};
/* End PBXProject section */

/* Begin PBXResourcesBuildPhase section */
		9796083F5387C024795472B8 /* Resources */ = {
			isa = PBXResourcesBuildPhase;
			buildActionMask = 2147483647;
			files = (
			);
			runOnlyForDeploymentPostprocessing = 0;
		};
/* End PBXResourcesBuildPhase section */

/* Begin PBXSourcesBuildPhase section */
		48D867379F0572B1BCDAFCFA /* Sources */ = {
			isa = PBXSourcesBuildPhase;
			buildActionMask = 2147483647;
			files = (
				5D6FD9BFCAEEAADF414DCF26 /* QuickLedgerApp.swift in Sources */,
				539E09B9D4A599A67E0F7AED /* Models.swift in Sources */,
				B5F017E3225E60AE041E3F42 /* AppServices.swift in Sources */,
				0288D6EC439F8B848E026EE1 /* LedgerStore.swift in Sources */,
				EB99088155731EE94E6F99F8 /* AppShortcuts.swift in Sources */,
				FAA89659C34F80FF75CBAF1D /* ContentView.swift in Sources */,
			);
			runOnlyForDeploymentPostprocessing = 0;
		};
/* End PBXSourcesBuildPhase section */

/* Begin XCBuildConfiguration section */
		4045DF9384A56494C0F35111 /* Release */ = {
			isa = XCBuildConfiguration;
			buildSettings = {
				ALWAYS_SEARCH_USER_PATHS = NO;
				CLANG_ANALYZER_NONNULL = YES;
				CLANG_ANALYZER_NUMBER_OBJECT_CONVERSION = YES_AGGRESSIVE;
				CLANG_CXX_LANGUAGE_STANDARD = "gnu++14";
				CLANG_CXX_LIBRARY = "libc++";
				CLANG_ENABLE_MODULES = YES;
				CLANG_ENABLE_OBJC_ARC = YES;
				CLANG_ENABLE_OBJC_WEAK = YES;
				CLANG_WARN_BLOCK_CAPTURE_AUTORELEASING = YES;
				CLANG_WARN_BOOL_CONVERSION = YES;
				CLANG_WARN_COMMA = YES;
				CLANG_WARN_CONSTANT_CONVERSION = YES;
				CLANG_WARN_DEPRECATED_OBJC_IMPLEMENTATIONS = YES;
				CLANG_WARN_DIRECT_OBJC_ISA_USAGE = YES_ERROR;
				CLANG_WARN_DOCUMENTATION_COMMENTS = YES;
				CLANG_WARN_EMPTY_BODY = YES;
				CLANG_WARN_ENUM_CONVERSION = YES;
				CLANG_WARN_INFINITE_RECURSION = YES;
				CLANG_WARN_INT_CONVERSION = YES;
				CLANG_WARN_NON_LITERAL_NULL_CONVERSION = YES;
				CLANG_WARN_OBJC_IMPLICIT_RETAIN_SELF = YES;
				CLANG_WARN_OBJC_LITERAL_CONVERSION = YES;
				CLANG_WARN_OBJC_ROOT_CLASS = YES_ERROR;
				CLANG_WARN_QUOTED_INCLUDE_IN_FRAMEWORK_HEADER = YES;
				CLANG_WARN_RANGE_LOOP_ANALYSIS = YES;
				CLANG_WARN_STRICT_PROTOTYPES = YES;
				CLANG_WARN_SUSPICIOUS_MOVE = YES;
				CLANG_WARN_UNGUARDED_AVAILABILITY = YES_AGGRESSIVE;
				CLANG_WARN_UNREACHABLE_CODE = YES;
				CLANG_WARN__DUPLICATE_METHOD_MATCH = YES;
				COPY_PHASE_STRIP = NO;
				DEBUG_INFORMATION_FORMAT = "dwarf-with-dsym";
				ENABLE_NS_ASSERTIONS = NO;
				ENABLE_STRICT_OBJC_MSGSEND = YES;
				GCC_C_LANGUAGE_STANDARD = gnu11;
				GCC_NO_COMMON_BLOCKS = YES;
				GCC_WARN_64_TO_32_BIT_CONVERSION = YES;
				GCC_WARN_ABOUT_RETURN_TYPE = YES_ERROR;
				GCC_WARN_UNDECLARED_SELECTOR = YES;
				GCC_WARN_UNINITIALIZED_AUTOS = YES_AGGRESSIVE;
				GCC_WARN_UNUSED_FUNCTION = YES;
				GCC_WARN_UNUSED_VARIABLE = YES;
				MTL_ENABLE_DEBUG_INFO = NO;
				MTL_FAST_MATH = YES;
				PRODUCT_NAME = "$(TARGET_NAME)";
				SWIFT_COMPILATION_MODE = wholemodule;
				SWIFT_OPTIMIZATION_LEVEL = "-O";
				SWIFT_VERSION = 5.0;
			};
			name = Release;
		};
		633B70615640E24CADD4C59F /* Release */ = {
			isa = XCBuildConfiguration;
			buildSettings = {
				ASSETCATALOG_COMPILER_APPICON_NAME = AppIcon;
				ASSETCATALOG_COMPILER_GLOBAL_ACCENT_COLOR_NAME = AccentColor;
				CLANG_ENABLE_OBJC_WEAK = NO;
				CODE_SIGN_STYLE = Automatic;
				CURRENT_PROJECT_VERSION = 1;
				DEVELOPMENT_TEAM = "";
				GENERATE_INFOPLIST_FILE = YES;
				INFOPLIST_KEY_UILaunchScreen_Generation = YES;
				INFOPLIST_KEY_UISupportedInterfaceOrientations_iPhone = UIInterfaceOrientationPortrait;
				INFOPLIST_KEY_UIRequiresFullScreen = YES;
				IPHONEOS_DEPLOYMENT_TARGET = 17.0;
				LD_RUNPATH_SEARCH_PATHS = "$(inherited) @executable_path/Frameworks";
				MARKETING_VERSION = 1.0;
				PRODUCT_BUNDLE_IDENTIFIER = com.yinchen.quickledger;
				PRODUCT_NAME = "$(TARGET_NAME)";
				SDKROOT = iphoneos;
				SWIFT_VERSION = 5.0;
				TARGETED_DEVICE_FAMILY = 1;
				VALIDATE_PRODUCT = YES;
			};
			name = Release;
		};
		BF9A856A7A4C662EA6CA1C01 /* Debug */ = {
			isa = XCBuildConfiguration;
			buildSettings = {
				ASSETCATALOG_COMPILER_APPICON_NAME = AppIcon;
				ASSETCATALOG_COMPILER_GLOBAL_ACCENT_COLOR_NAME = AccentColor;
				CLANG_ENABLE_OBJC_WEAK = NO;
				CODE_SIGN_STYLE = Automatic;
				CURRENT_PROJECT_VERSION = 1;
				DEVELOPMENT_TEAM = "";
				GENERATE_INFOPLIST_FILE = YES;
				INFOPLIST_KEY_UILaunchScreen_Generation = YES;
				INFOPLIST_KEY_UISupportedInterfaceOrientations_iPhone = UIInterfaceOrientationPortrait;
				INFOPLIST_KEY_UIRequiresFullScreen = YES;
				IPHONEOS_DEPLOYMENT_TARGET = 17.0;
				LD_RUNPATH_SEARCH_PATHS = "$(inherited) @executable_path/Frameworks";
				MARKETING_VERSION = 1.0;
				PRODUCT_BUNDLE_IDENTIFIER = com.yinchen.quickledger;
				PRODUCT_NAME = "$(TARGET_NAME)";
				SDKROOT = iphoneos;
				SWIFT_VERSION = 5.0;
				TARGETED_DEVICE_FAMILY = 1;
			};
			name = Debug;
		};
		BFFB9CA29E72B23CC90CCEAB /* Debug */ = {
			isa = XCBuildConfiguration;
			buildSettings = {
				ALWAYS_SEARCH_USER_PATHS = NO;
				CLANG_ANALYZER_NONNULL = YES;
				CLANG_ANALYZER_NUMBER_OBJECT_CONVERSION = YES_AGGRESSIVE;
				CLANG_CXX_LANGUAGE_STANDARD = "gnu++14";
				CLANG_CXX_LIBRARY = "libc++";
				CLANG_ENABLE_MODULES = YES;
				CLANG_ENABLE_OBJC_ARC = YES;
				CLANG_ENABLE_OBJC_WEAK = YES;
				CLANG_WARN_BLOCK_CAPTURE_AUTORELEASING = YES;
				CLANG_WARN_BOOL_CONVERSION = YES;
				CLANG_WARN_COMMA = YES;
				CLANG_WARN_CONSTANT_CONVERSION = YES;
				CLANG_WARN_DEPRECATED_OBJC_IMPLEMENTATIONS = YES;
				CLANG_WARN_DIRECT_OBJC_ISA_USAGE = YES_ERROR;
				CLANG_WARN_DOCUMENTATION_COMMENTS = YES;
				CLANG_WARN_EMPTY_BODY = YES;
				CLANG_WARN_ENUM_CONVERSION = YES;
				CLANG_WARN_INFINITE_RECURSION = YES;
				CLANG_WARN_INT_CONVERSION = YES;
				CLANG_WARN_NON_LITERAL_NULL_CONVERSION = YES;
				CLANG_WARN_OBJC_IMPLICIT_RETAIN_SELF = YES;
				CLANG_WARN_OBJC_LITERAL_CONVERSION = YES;
				CLANG_WARN_OBJC_ROOT_CLASS = YES_ERROR;
				CLANG_WARN_QUOTED_INCLUDE_IN_FRAMEWORK_HEADER = YES;
				CLANG_WARN_RANGE_LOOP_ANALYSIS = YES;
				CLANG_WARN_STRICT_PROTOTYPES = YES;
				CLANG_WARN_SUSPICIOUS_MOVE = YES;
				CLANG_WARN_UNGUARDED_AVAILABILITY = YES_AGGRESSIVE;
				CLANG_WARN_UNREACHABLE_CODE = YES;
				CLANG_WARN__DUPLICATE_METHOD_MATCH = YES;
				COPY_PHASE_STRIP = NO;
				DEBUG_INFORMATION_FORMAT = dwarf;
				ENABLE_STRICT_OBJC_MSGSEND = YES;
				ENABLE_TESTABILITY = YES;
				GCC_C_LANGUAGE_STANDARD = gnu11;
				GCC_DYNAMIC_NO_PIC = NO;
				GCC_NO_COMMON_BLOCKS = YES;
				GCC_OPTIMIZATION_LEVEL = 0;
				GCC_PREPROCESSOR_DEFINITIONS = (
					"DEBUG=1",
					"$(inherited)",
				);
				GCC_WARN_64_TO_32_BIT_CONVERSION = YES;
				GCC_WARN_ABOUT_RETURN_TYPE = YES_ERROR;
				GCC_WARN_UNDECLARED_SELECTOR = YES;
				GCC_WARN_UNINITIALIZED_AUTOS = YES_AGGRESSIVE;
				GCC_WARN_UNUSED_FUNCTION = YES;
				GCC_WARN_UNUSED_VARIABLE = YES;
				MTL_ENABLE_DEBUG_INFO = INCLUDE_SOURCE;
				MTL_FAST_MATH = YES;
				ONLY_ACTIVE_ARCH = YES;
				PRODUCT_NAME = "$(TARGET_NAME)";
				SWIFT_ACTIVE_COMPILATION_CONDITIONS = DEBUG;
				SWIFT_OPTIMIZATION_LEVEL = "-Onone";
				SWIFT_VERSION = 5.0;
			};
			name = Debug;
		};
/* End XCBuildConfiguration section */

/* Begin XCConfigurationList section */
		474472F308D3F8F78461CBF4 /* Build configuration list for PBXProject "QuickLedger" */ = {
			isa = XCConfigurationList;
			buildConfigurations = (
				BFFB9CA29E72B23CC90CCEAB /* Debug */,
				4045DF9384A56494C0F35111 /* Release */,
			);
			defaultConfigurationIsVisible = 0;
			defaultConfigurationName = Release;
		};
		AD67005B5A00DD63C4482161 /* Build configuration list for PBXNativeTarget "QuickLedger" */ = {
			isa = XCConfigurationList;
			buildConfigurations = (
				633B70615640E24CADD4C59F /* Release */,
				BF9A856A7A4C662EA6CA1C01 /* Debug */,
			);
			defaultConfigurationIsVisible = 0;
			defaultConfigurationName = Release;
		};
/* End XCConfigurationList section */
	};
	rootObject = FE95F97BBF7FC0CC4612263E /* Project object */;
}
